
Microsoft Visual Studio Solution File, Format Version 12.00
# Visual Studio Version 17
VisualStudioVersion = 17.6.33723.286
MinimumVisualStudioVersion = 10.0.40219.1
Project("{FAE04EC0-301F-11D3-BF4B-00C04F79EFBC}") = "ThreadPrograming", "ThreadPrograming\ThreadPrograming.csproj", "{759400F8-CE6A-456B-A7D2-4FE55735FA50}"
EndProject
Global
	GlobalSection(SolutionConfigurationPlatforms) = preSolution
		Debug|Any CPU = Debug|Any CPU
		Release|Any CPU = Release|Any CPU
	EndGlobalSection
	GlobalSection(ProjectConfigurationPlatforms) = postSolution
		{759400F8-CE6A-456B-A7D2-4FE55735FA50}.Debug|Any CPU.ActiveCfg = Debug|Any CPU
		{759400F8-CE6A-456B-A7D2-4FE55735FA50}.Debug|Any CPU.Build.0 = Debug|Any CPU
		{759400F8-CE6A-456B-A7D2-4FE55735FA50}.Release|Any CPU.ActiveCfg = Release|Any CPU
		{759400F8-CE6A-456B-A7D2-4FE55735FA50}.Release|Any CPU.Build.0 = Release|Any CPU
	EndGlobalSection
	GlobalSection(SolutionProperties) = preSolution
		HideSolutionNode = FALSE
	EndGlobalSection
	GlobalSection(ExtensibilityGlobals) = postSolution
		SolutionGuid = {5B8CDC89-EFD0-49E5-B95D-CC1694B2E81D}
	EndGlobalSection
EndGlobal
